
Microsoft Visual Studio Solution File, Format Version 12.00
# Visual Studio 15
VisualStudioVersion = 15.0.27004.2002
MinimumVisualStudioVersion = 10.0.40219.1
Project("{FAE04EC0-301F-11D3-BF4B-00C04F79EFBC}") = "Assign2API", "Assign2API\Assign2API.csproj", "{050A0C2B-B389-470F-9DBC-34B668ADA3B8}"
EndProject
Global
	GlobalSection(SolutionConfigurationPlatforms) = preSolution
		Debug|Any CPU = Debug|Any CPU
		Release|Any CPU = Release|Any CPU
	EndGlobalSection
	GlobalSection(ProjectConfigurationPlatforms) = postSolution
		{050A0C2B-B389-470F-9DBC-34B668ADA3B8}.Debug|Any CPU.ActiveCfg = Debug|Any CPU
		{050A0C2B-B389-470F-9DBC-34B668ADA3B8}.Debug|Any CPU.Build.0 = Debug|Any CPU
		{050A0C2B-B389-470F-9DBC-34B668ADA3B8}.Release|Any CPU.ActiveCfg = Release|Any CPU
		{050A0C2B-B389-470F-9DBC-34B668ADA3B8}.Release|Any CPU.Build.0 = Release|Any CPU
	EndGlobalSection
	GlobalSection(SolutionProperties) = preSolution
		HideSolutionNode = FALSE
	EndGlobalSection
	GlobalSection(ExtensibilityGlobals) = postSolution
		SolutionGuid = {2D1479AF-1ED6-461D-81D7-638070732401}
	EndGlobalSection
EndGlobal
